
Microsoft Visual Studio Solution File, Format Version 12.00
# Visual Studio Version 17
VisualStudioVersion = 17.8.34408.163
MinimumVisualStudioVersion = 10.0.40219.1
Project("{2150E333-8FDC-42A3-9474-1A3956D46DE8}") = "src", "src", "{42988FFF-B446-4FE1-B0F1-EADFD8C728EF}"
EndProject
Project("{2150E333-8FDC-42A3-9474-1A3956D46DE8}") = "test", "test", "{B781EAEC-E1EE-4A45-9D8E-D0D51D0E94EE}"
EndProject
Project("{2150E333-8FDC-42A3-9474-1A3956D46DE8}") = "API", "API", "{35D3A49C-B511-487B-9B32-41B17A71C9EE}"
EndProject
Project("{2150E333-8FDC-42A3-9474-1A3956D46DE8}") = "Core", "Core", "{C1894FCB-9FE0-4B72-B1DB-8DA88F19EF86}"
EndProject
Project("{2150E333-8FDC-42A3-9474-1A3956D46DE8}") = "Infrastructure", "Infrastructure", "{86C3E8C5-F2A7-472C-AB17-F883955089F8}"
EndProject
Project("{2150E333-8FDC-42A3-9474-1A3956D46DE8}") = "UI", "UI", "{A03CFFC9-D221-4D30-9B17-C99B18F601AD}"
EndProject
Project("{FAE04EC0-301F-11D3-BF4B-00C04F79EFBC}") = "TicketManager.Management.Domain", "TicketManager.Management.Domain\TicketManager.Management.Domain.csproj", "{533357C4-1DB2-4187-B2AD-F874B89C76D9}"
EndProject
Project("{FAE04EC0-301F-11D3-BF4B-00C04F79EFBC}") = "TicketManager.Management.Application", "TicketManager.Management.Application\TicketManager.Management.Application.csproj", "{64A54808-1579-4832-8BED-088AA2016E9D}"
EndProject
Project("{FAE04EC0-301F-11D3-BF4B-00C04F79EFBC}") = "TicketManager.Management.Persistence", "TicketManager.Management.Persistence\TicketManager.Management.Persistence.csproj", "{6B1B9C43-1713-4661-81BB-C9659C08A831}"
EndProject
Project("{FAE04EC0-301F-11D3-BF4B-00C04F79EFBC}") = "TicketManager.Management.Infrastructure", "TicketManager.Management.Infrastructure\TicketManager.Management.Infrastructure.csproj", "{C4DC77F3-AFCD-45F8-8C20-620C322407C2}"
EndProject
Project("{FAE04EC0-301F-11D3-BF4B-00C04F79EFBC}") = "TicketManager.Management.Api", "TicketManager.Management.Api\TicketManager.Management.Api.csproj", "{F041AACC-9937-4CA1-ABA8-3F91FFAF01FD}"
EndProject
Global
	GlobalSection(SolutionConfigurationPlatforms) = preSolution
		Debug|Any CPU = Debug|Any CPU
		Release|Any CPU = Release|Any CPU
	EndGlobalSection
	GlobalSection(ProjectConfigurationPlatforms) = postSolution
		{533357C4-1DB2-4187-B2AD-F874B89C76D9}.Debug|Any CPU.ActiveCfg = Debug|Any CPU
		{533357C4-1DB2-4187-B2AD-F874B89C76D9}.Debug|Any CPU.Build.0 = Debug|Any CPU
		{533357C4-1DB2-4187-B2AD-F874B89C76D9}.Release|Any CPU.ActiveCfg = Release|Any CPU
		{533357C4-1DB2-4187-B2AD-F874B89C76D9}.Release|Any CPU.Build.0 = Release|Any CPU
		{64A54808-1579-4832-8BED-088AA2016E9D}.Debug|Any CPU.ActiveCfg = Debug|Any CPU
		{64A54808-1579-4832-8BED-088AA2016E9D}.Debug|Any CPU.Build.0 = Debug|Any CPU
		{64A54808-1579-4832-8BED-088AA2016E9D}.Release|Any CPU.ActiveCfg = Release|Any CPU
		{64A54808-1579-4832-8BED-088AA2016E9D}.Release|Any CPU.Build.0 = Release|Any CPU
		{6B1B9C43-1713-4661-81BB-C9659C08A831}.Debug|Any CPU.ActiveCfg = Debug|Any CPU
		{6B1B9C43-1713-4661-81BB-C9659C08A831}.Debug|Any CPU.Build.0 = Debug|Any CPU
		{6B1B9C43-1713-4661-81BB-C9659C08A831}.Release|Any CPU.ActiveCfg = Release|Any CPU
		{6B1B9C43-1713-4661-81BB-C9659C08A831}.Release|Any CPU.Build.0 = Release|Any CPU
		{C4DC77F3-AFCD-45F8-8C20-620C322407C2}.Debug|Any CPU.ActiveCfg = Debug|Any CPU
		{C4DC77F3-AFCD-45F8-8C20-620C322407C2}.Debug|Any CPU.Build.0 = Debug|Any CPU
		{C4DC77F3-AFCD-45F8-8C20-620C322407C2}.Release|Any CPU.ActiveCfg = Release|Any CPU
		{C4DC77F3-AFCD-45F8-8C20-620C322407C2}.Release|Any CPU.Build.0 = Release|Any CPU
		{F041AACC-9937-4CA1-ABA8-3F91FFAF01FD}.Debug|Any CPU.ActiveCfg = Debug|Any CPU
		{F041AACC-9937-4CA1-ABA8-3F91FFAF01FD}.Debug|Any CPU.Build.0 = Debug|Any CPU
		{F041AACC-9937-4CA1-ABA8-3F91FFAF01FD}.Release|Any CPU.ActiveCfg = Release|Any CPU
		{F041AACC-9937-4CA1-ABA8-3F91FFAF01FD}.Release|Any CPU.Build.0 = Release|Any CPU
	EndGlobalSection
	GlobalSection(SolutionProperties) = preSolution
		HideSolutionNode = FALSE
	EndGlobalSection
	GlobalSection(NestedProjects) = preSolution
		{35D3A49C-B511-487B-9B32-41B17A71C9EE} = {42988FFF-B446-4FE1-B0F1-EADFD8C728EF}
		{C1894FCB-9FE0-4B72-B1DB-8DA88F19EF86} = {42988FFF-B446-4FE1-B0F1-EADFD8C728EF}
		{86C3E8C5-F2A7-472C-AB17-F883955089F8} = {42988FFF-B446-4FE1-B0F1-EADFD8C728EF}
		{A03CFFC9-D221-4D30-9B17-C99B18F601AD} = {42988FFF-B446-4FE1-B0F1-EADFD8C728EF}
		{533357C4-1DB2-4187-B2AD-F874B89C76D9} = {C1894FCB-9FE0-4B72-B1DB-8DA88F19EF86}
		{64A54808-1579-4832-8BED-088AA2016E9D} = {C1894FCB-9FE0-4B72-B1DB-8DA88F19EF86}
		{6B1B9C43-1713-4661-81BB-C9659C08A831} = {86C3E8C5-F2A7-472C-AB17-F883955089F8}
		{C4DC77F3-AFCD-45F8-8C20-620C322407C2} = {86C3E8C5-F2A7-472C-AB17-F883955089F8}
		{F041AACC-9937-4CA1-ABA8-3F91FFAF01FD} = {35D3A49C-B511-487B-9B32-41B17A71C9EE}
	EndGlobalSection
	GlobalSection(ExtensibilityGlobals) = postSolution
		SolutionGuid = {13BA8622-D660-418F-9481-5EDB8069E4F0}
	EndGlobalSection
EndGlobal
